
Microsoft Visual Studio Solution File, Format Version 12.00
# Visual Studio Version 17
VisualStudioVersion = 17.5.33502.453
MinimumVisualStudioVersion = 10.0.40219.1
Project("{FAE04EC0-301F-11D3-BF4B-00C04F79EFBC}") = "TP3", "TP3\TP3.csproj", "{BD3E352C-A07E-4541-8CDA-EB53DDA6BDAD}"
EndProject
Global
	GlobalSection(SolutionConfigurationPlatforms) = preSolution
		Debug|Any CPU = Debug|Any CPU
		Release|Any CPU = Release|Any CPU
	EndGlobalSection
	GlobalSection(ProjectConfigurationPlatforms) = postSolution
		{BD3E352C-A07E-4541-8CDA-EB53DDA6BDAD}.Debug|Any CPU.ActiveCfg = Debug|Any CPU
		{BD3E352C-A07E-4541-8CDA-EB53DDA6BDAD}.Debug|Any CPU.Build.0 = Debug|Any CPU
		{BD3E352C-A07E-4541-8CDA-EB53DDA6BDAD}.Release|Any CPU.ActiveCfg = Release|Any CPU
		{BD3E352C-A07E-4541-8CDA-EB53DDA6BDAD}.Release|Any CPU.Build.0 = Release|Any CPU
	EndGlobalSection
	GlobalSection(SolutionProperties) = preSolution
		HideSolutionNode = FALSE
	EndGlobalSection
	GlobalSection(ExtensibilityGlobals) = postSolution
		SolutionGuid = {152DEE61-FF8A-48E1-BF92-28C75D065B16}
	EndGlobalSection
EndGlobal
